
Microsoft Visual Studio Solution File, Format Version 12.00
Project("{FAE04EC0-301F-11D3-BF4B-00C04F79EFBC}") = "nsimplemessagepump", "nsimplemessagepump\nsimplemessagepump.csproj", "{841FDAA7-2B2B-4152-BE60-62D31C9D8E68}"
EndProject
Project("{FAE04EC0-301F-11D3-BF4B-00C04F79EFBC}") = "nsimplemessagepump.tests", "nsimplemessagepump.tests\nsimplemessagepump.tests.csproj", "{FC4055D7-D3CE-4DAF-8C57-0F7BA6BA4084}"
EndProject
Global
	GlobalSection(SolutionConfigurationPlatforms) = preSolution
		Debug|Any CPU = Debug|Any CPU
		Release|Any CPU = Release|Any CPU
	EndGlobalSection
	GlobalSection(ProjectConfigurationPlatforms) = postSolution
		{841FDAA7-2B2B-4152-BE60-62D31C9D8E68}.Debug|Any CPU.ActiveCfg = Debug|Any CPU
		{841FDAA7-2B2B-4152-BE60-62D31C9D8E68}.Debug|Any CPU.Build.0 = Debug|Any CPU
		{841FDAA7-2B2B-4152-BE60-62D31C9D8E68}.Release|Any CPU.ActiveCfg = Release|Any CPU
		{841FDAA7-2B2B-4152-BE60-62D31C9D8E68}.Release|Any CPU.Build.0 = Release|Any CPU
		{FC4055D7-D3CE-4DAF-8C57-0F7BA6BA4084}.Debug|Any CPU.ActiveCfg = Debug|Any CPU
		{FC4055D7-D3CE-4DAF-8C57-0F7BA6BA4084}.Debug|Any CPU.Build.0 = Debug|Any CPU
		{FC4055D7-D3CE-4DAF-8C57-0F7BA6BA4084}.Release|Any CPU.ActiveCfg = Release|Any CPU
		{FC4055D7-D3CE-4DAF-8C57-0F7BA6BA4084}.Release|Any CPU.Build.0 = Release|Any CPU
	EndGlobalSection
EndGlobal
